// !$*UTF8*$!
{
	archiveVersion = 1;
	classes = {
	};
	objectVersion = 55;
	objects = {

/* Begin PBXBuildFile section */
		B2EBC4D7BECD543C1C3B8ABA /* Pods_ParkingInTaichungSwiftUI.framework in Frameworks */ = {isa = PBXBuildFile; fileRef = 742E3A0CEC9E13DD69B302F5 /* Pods_ParkingInTaichungSwiftUI.framework */; };
		FD6F646B2906CB300000BC20 /* LocationManager.swift in Sources */ = {isa = PBXBuildFile; fileRef = FD6F646A2906CB300000BC20 /* LocationManager.swift */; };
		FDF5EF3F290677630048B589 /* ParkingInTaichungSwiftUIApp.swift in Sources */ = {isa = PBXBuildFile; fileRef = FDF5EF3E290677630048B589 /* ParkingInTaichungSwiftUIApp.swift */; };
		FDF5EF41290677630048B589 /* ContentView.swift in Sources */ = {isa = PBXBuildFile; fileRef = FDF5EF40290677630048B589 /* ContentView.swift */; };
		FDF5EF43290677640048B589 /* Assets.xcassets in Resources */ = {isa = PBXBuildFile; fileRef = FDF5EF42290677640048B589 /* Assets.xcassets */; };
		FDF5EF46290677640048B589 /* Preview Assets.xcassets in Resources */ = {isa = PBXBuildFile; fileRef = FDF5EF45290677640048B589 /* Preview Assets.xcassets */; };
		FDF5EF502906AD830048B589 /* DataManager.swift in Sources */ = {isa = PBXBuildFile; fileRef = FDF5EF4F2906AD830048B589 /* DataManager.swift */; };
		FDF5EF522906AE770048B589 /* ParkingLot.swift in Sources */ = {isa = PBXBuildFile; fileRef = FDF5EF512906AE770048B589 /* ParkingLot.swift */; };
		FDF5EF542906B6FB0048B589 /* MapView.swift in Sources */ = {isa = PBXBuildFile; fileRef = FDF5EF532906B6FB0048B589 /* MapView.swift */; };
/* End PBXBuildFile section */

/* Begin PBXFileReference section */
		50D7C51D15AB3BAD56254B67 /* Pods-ParkingInTaichungSwiftUI.debug.xcconfig */ = {isa = PBXFileReference; includeInIndex = 1; lastKnownFileType = text.xcconfig; name = "Pods-ParkingInTaichungSwiftUI.debug.xcconfig"; path = "Target Support Files/Pods-ParkingInTaichungSwiftUI/Pods-ParkingInTaichungSwiftUI.debug.xcconfig"; sourceTree = "<group>"; };
		742E3A0CEC9E13DD69B302F5 /* Pods_ParkingInTaichungSwiftUI.framework */ = {isa = PBXFileReference; explicitFileType = wrapper.framework; includeInIndex = 0; path = Pods_ParkingInTaichungSwiftUI.framework; sourceTree = BUILT_PRODUCTS_DIR; };
		8CB0316D1E8E5623DF328904 /* Pods-ParkingInTaichungSwiftUI.release.xcconfig */ = {isa = PBXFileReference; includeInIndex = 1; lastKnownFileType = text.xcconfig; name = "Pods-ParkingInTaichungSwiftUI.release.xcconfig"; path = "Target Support Files/Pods-ParkingInTaichungSwiftUI/Pods-ParkingInTaichungSwiftUI.release.xcconfig"; sourceTree = "<group>"; };
		FD6F646A2906CB300000BC20 /* LocationManager.swift */ = {isa = PBXFileReference; lastKnownFileType = sourcecode.swift; path = LocationManager.swift; sourceTree = "<group>"; };
		FD6F646F2908F8600000BC20 /* Info.plist */ = {isa = PBXFileReference; lastKnownFileType = text.plist.xml; path = Info.plist; sourceTree = "<group>"; };
		FDF5EF3B290677630048B589 /* ParkingInTaichungSwiftUI.app */ = {isa = PBXFileReference; explicitFileType = wrapper.application; includeInIndex = 0; path = ParkingInTaichungSwiftUI.app; sourceTree = BUILT_PRODUCTS_DIR; };
		FDF5EF3E290677630048B589 /* ParkingInTaichungSwiftUIApp.swift */ = {isa = PBXFileReference; lastKnownFileType = sourcecode.swift; path = ParkingInTaichungSwiftUIApp.swift; sourceTree = "<group>"; };
		FDF5EF40290677630048B589 /* ContentView.swift */ = {isa = PBXFileReference; lastKnownFileType = sourcecode.swift; path = ContentView.swift; sourceTree = "<group>"; };
		FDF5EF42290677640048B589 /* Assets.xcassets */ = {isa = PBXFileReference; lastKnownFileType = folder.assetcatalog; path = Assets.xcassets; sourceTree = "<group>"; };
		FDF5EF45290677640048B589 /* Preview Assets.xcassets */ = {isa = PBXFileReference; lastKnownFileType = folder.assetcatalog; path = "Preview Assets.xcassets"; sourceTree = "<group>"; };
		FDF5EF4F2906AD830048B589 /* DataManager.swift */ = {isa = PBXFileReference; lastKnownFileType = sourcecode.swift; path = DataManager.swift; sourceTree = "<group>"; };
		FDF5EF512906AE770048B589 /* ParkingLot.swift */ = {isa = PBXFileReference; lastKnownFileType = sourcecode.swift; path = ParkingLot.swift; sourceTree = "<group>"; };
		FDF5EF532906B6FB0048B589 /* MapView.swift */ = {isa = PBXFileReference; lastKnownFileType = sourcecode.swift; path = MapView.swift; sourceTree = "<group>"; };
/* End PBXFileReference section */

/* Begin PBXFrameworksBuildPhase section */
		FDF5EF38290677630048B589 /* Frameworks */ = {
			isa = PBXFrameworksBuildPhase;
			buildActionMask = 2147483647;
			files = (
				B2EBC4D7BECD543C1C3B8ABA /* Pods_ParkingInTaichungSwiftUI.framework in Frameworks */,
			);
			runOnlyForDeploymentPostprocessing = 0;
		};
/* End PBXFrameworksBuildPhase section */

/* Begin PBXGroup section */
		410A274A8501590CD4384CCB /* Frameworks */ = {
			isa = PBXGroup;
			children = (
				742E3A0CEC9E13DD69B302F5 /* Pods_ParkingInTaichungSwiftUI.framework */,
			);
			name = Frameworks;
			sourceTree = "<group>";
		};
		BEC95EBC87AA50FEFEA47E1B /* Pods */ = {
			isa = PBXGroup;
			children = (
				50D7C51D15AB3BAD56254B67 /* Pods-ParkingInTaichungSwiftUI.debug.xcconfig */,
				8CB0316D1E8E5623DF328904 /* Pods-ParkingInTaichungSwiftUI.release.xcconfig */,
			);
			path = Pods;
			sourceTree = "<group>";
		};
		FDF5EF32290677630048B589 = {
			isa = PBXGroup;
			children = (
				FDF5EF3D290677630048B589 /* ParkingInTaichungSwiftUI */,
				FDF5EF3C290677630048B589 /* Products */,
				BEC95EBC87AA50FEFEA47E1B /* Pods */,
				410A274A8501590CD4384CCB /* Frameworks */,
			);
			sourceTree = "<group>";
		};
		FDF5EF3C290677630048B589 /* Products */ = {
			isa = PBXGroup;
			children = (
				FDF5EF3B290677630048B589 /* ParkingInTaichungSwiftUI.app */,
			);
			name = Products;
			sourceTree = "<group>";
		};
		FDF5EF3D290677630048B589 /* ParkingInTaichungSwiftUI */ = {
			isa = PBXGroup;
			children = (
				FD6F646F2908F8600000BC20 /* Info.plist */,
				FDF5EF4C290678130048B589 /* Model */,
				FDF5EF4E2906781E0048B589 /* ViewModel */,
				FDF5EF4D290678190048B589 /* View */,
				FDF5EF3E290677630048B589 /* ParkingInTaichungSwiftUIApp.swift */,
				FDF5EF40290677630048B589 /* ContentView.swift */,
				FDF5EF42290677640048B589 /* Assets.xcassets */,
				FDF5EF44290677640048B589 /* Preview Content */,
			);
			path = ParkingInTaichungSwiftUI;
			sourceTree = "<group>";
		};
		FDF5EF44290677640048B589 /* Preview Content */ = {
			isa = PBXGroup;
			children = (
				FDF5EF45290677640048B589 /* Preview Assets.xcassets */,
			);
			path = "Preview Content";
			sourceTree = "<group>";
		};
		FDF5EF4C290678130048B589 /* Model */ = {
			isa = PBXGroup;
			children = (
				FDF5EF512906AE770048B589 /* ParkingLot.swift */,
			);
			path = Model;
			sourceTree = "<group>";
		};
		FDF5EF4D290678190048B589 /* View */ = {
			isa = PBXGroup;
			children = (
				FDF5EF532906B6FB0048B589 /* MapView.swift */,
			);
			path = View;
			sourceTree = "<group>";
		};
		FDF5EF4E2906781E0048B589 /* ViewModel */ = {
			isa = PBXGroup;
			children = (
				FDF5EF4F2906AD830048B589 /* DataManager.swift */,
				FD6F646A2906CB300000BC20 /* LocationManager.swift */,
			);
			path = ViewModel;
			sourceTree = "<group>";
		};
/* End PBXGroup section */

/* Begin PBXNativeTarget section */
		FDF5EF3A290677630048B589 /* ParkingInTaichungSwiftUI */ = {
			isa = PBXNativeTarget;
			buildConfigurationList = FDF5EF49290677640048B589 /* Build configuration list for PBXNativeTarget "ParkingInTaichungSwiftUI" */;
			buildPhases = (
				FF2203D84B1101EABDEADC78 /* [CP] Check Pods Manifest.lock */,
				FDF5EF37290677630048B589 /* Sources */,
				FDF5EF38290677630048B589 /* Frameworks */,
				FDF5EF39290677630048B589 /* Resources */,
				993F7BBE920D4D4D787FB71D /* [CP] Copy Pods Resources */,
			);
			buildRules = (
			);
			dependencies = (
			);
			name = ParkingInTaichungSwiftUI;
			productName = ParkingInTaichungSwiftUI;
			productReference = FDF5EF3B290677630048B589 /* ParkingInTaichungSwiftUI.app */;
			productType = "com.apple.product-type.application";
		};
/* End PBXNativeTarget section */

/* Begin PBXProject section */
		FDF5EF33290677630048B589 /* Project object */ = {
			isa = PBXProject;
			attributes = {
				BuildIndependentTargetsInParallel = 1;
				LastSwiftUpdateCheck = 1400;
				LastUpgradeCheck = 1400;
				TargetAttributes = {
					FDF5EF3A290677630048B589 = {
						CreatedOnToolsVersion = 14.0;
					};
				};
			};
			buildConfigurationList = FDF5EF36290677630048B589 /* Build configuration list for PBXProject "ParkingInTaichungSwiftUI" */;
			compatibilityVersion = "Xcode 13.0";
			developmentRegion = en;
			hasScannedForEncodings = 0;
			knownRegions = (
				en,
				Base,
			);
			mainGroup = FDF5EF32290677630048B589;
			productRefGroup = FDF5EF3C290677630048B589 /* Products */;
			projectDirPath = "";
			projectRoot = "";
			targets = (
				FDF5EF3A290677630048B589 /* ParkingInTaichungSwiftUI */,
			);
		};
/* End PBXProject section */

/* Begin PBXResourcesBuildPhase section */
		FDF5EF39290677630048B589 /* Resources */ = {
			isa = PBXResourcesBuildPhase;
			buildActionMask = 2147483647;
			files = (
				FDF5EF46290677640048B589 /* Preview Assets.xcassets in Resources */,
				FDF5EF43290677640048B589 /* Assets.xcassets in Resources */,
			);
			runOnlyForDeploymentPostprocessing = 0;
		};
/* End PBXResourcesBuildPhase section */

/* Begin PBXShellScriptBuildPhase section */
		993F7BBE920D4D4D787FB71D /* [CP] Copy Pods Resources */ = {
			isa = PBXShellScriptBuildPhase;
			buildActionMask = 2147483647;
			files = (
			);
			inputFileListPaths = (
				"${PODS_ROOT}/Target Support Files/Pods-ParkingInTaichungSwiftUI/Pods-ParkingInTaichungSwiftUI-resources-${CONFIGURATION}-input-files.xcfilelist",
			);
			name = "[CP] Copy Pods Resources";
			outputFileListPaths = (
				"${PODS_ROOT}/Target Support Files/Pods-ParkingInTaichungSwiftUI/Pods-ParkingInTaichungSwiftUI-resources-${CONFIGURATION}-output-files.xcfilelist",
			);
			runOnlyForDeploymentPostprocessing = 0;
			shellPath = /bin/sh;
			shellScript = "\"${PODS_ROOT}/Target Support Files/Pods-ParkingInTaichungSwiftUI/Pods-ParkingInTaichungSwiftUI-resources.sh\"\n";
			showEnvVarsInLog = 0;
		};
		FF2203D84B1101EABDEADC78 /* [CP] Check Pods Manifest.lock */ = {
			isa = PBXShellScriptBuildPhase;
			buildActionMask = 2147483647;
			files = (
			);
			inputFileListPaths = (
			);
			inputPaths = (
				"${PODS_PODFILE_DIR_PATH}/Podfile.lock",
				"${PODS_ROOT}/Manifest.lock",
			);
			name = "[CP] Check Pods Manifest.lock";
			outputFileListPaths = (
			);
			outputPaths = (
				"$(DERIVED_FILE_DIR)/Pods-ParkingInTaichungSwiftUI-checkManifestLockResult.txt",
			);
			runOnlyForDeploymentPostprocessing = 0;
			shellPath = /bin/sh;
			shellScript = "diff \"${PODS_PODFILE_DIR_PATH}/Podfile.lock\" \"${PODS_ROOT}/Manifest.lock\" > /dev/null\nif [ $? != 0 ] ; then\n    # print error to STDERR\n    echo \"error: The sandbox is not in sync with the Podfile.lock. Run 'pod install' or update your CocoaPods installation.\" >&2\n    exit 1\nfi\n# This output is used by Xcode 'outputs' to avoid re-running this script phase.\necho \"SUCCESS\" > \"${SCRIPT_OUTPUT_FILE_0}\"\n";
			showEnvVarsInLog = 0;
		};
/* End PBXShellScriptBuildPhase section */

/* Begin PBXSourcesBuildPhase section */
		FDF5EF37290677630048B589 /* Sources */ = {
			isa = PBXSourcesBuildPhase;
			buildActionMask = 2147483647;
			files = (
				FDF5EF41290677630048B589 /* ContentView.swift in Sources */,
				FDF5EF502906AD830048B589 /* DataManager.swift in Sources */,
				FD6F646B2906CB300000BC20 /* LocationManager.swift in Sources */,
				FDF5EF542906B6FB0048B589 /* MapView.swift in Sources */,
				FDF5EF522906AE770048B589 /* ParkingLot.swift in Sources */,
				FDF5EF3F290677630048B589 /* ParkingInTaichungSwiftUIApp.swift in Sources */,
			);
			runOnlyForDeploymentPostprocessing = 0;
		};
/* End PBXSourcesBuildPhase section */

/* Begin XCBuildConfiguration section */
		FDF5EF47290677640048B589 /* Debug */ = {
			isa = XCBuildConfiguration;
			buildSettings = {
				ALWAYS_SEARCH_USER_PATHS = NO;
				CLANG_ANALYZER_NONNULL = YES;
				CLANG_ANALYZER_NUMBER_OBJECT_CONVERSION = YES_AGGRESSIVE;
				CLANG_CXX_LANGUAGE_STANDARD = "gnu++20";
				CLANG_ENABLE_MODULES = YES;
				CLANG_ENABLE_OBJC_ARC = YES;
				CLANG_ENABLE_OBJC_WEAK = YES;
				CLANG_WARN_BLOCK_CAPTURE_AUTORELEASING = YES;
				CLANG_WARN_BOOL_CONVERSION = YES;
				CLANG_WARN_COMMA = YES;
				CLANG_WARN_CONSTANT_CONVERSION = YES;
				CLANG_WARN_DEPRECATED_OBJC_IMPLEMENTATIONS = YES;
				CLANG_WARN_DIRECT_OBJC_ISA_USAGE = YES_ERROR;
				CLANG_WARN_DOCUMENTATION_COMMENTS = YES;
				CLANG_WARN_EMPTY_BODY = YES;
				CLANG_WARN_ENUM_CONVERSION = YES;
				CLANG_WARN_INFINITE_RECURSION = YES;
				CLANG_WARN_INT_CONVERSION = YES;
				CLANG_WARN_NON_LITERAL_NULL_CONVERSION = YES;
				CLANG_WARN_OBJC_IMPLICIT_RETAIN_SELF = YES;
				CLANG_WARN_OBJC_LITERAL_CONVERSION = YES;
				CLANG_WARN_OBJC_ROOT_CLASS = YES_ERROR;
				CLANG_WARN_QUOTED_INCLUDE_IN_FRAMEWORK_HEADER = YES;
				CLANG_WARN_RANGE_LOOP_ANALYSIS = YES;
				CLANG_WARN_STRICT_PROTOTYPES = YES;
				CLANG_WARN_SUSPICIOUS_MOVE = YES;
				CLANG_WARN_UNGUARDED_AVAILABILITY = YES_AGGRESSIVE;
				CLANG_WARN_UNREACHABLE_CODE = YES;
				CLANG_WARN__DUPLICATE_METHOD_MATCH = YES;
				COPY_PHASE_STRIP = NO;
				DEBUG_INFORMATION_FORMAT = dwarf;
				ENABLE_STRICT_OBJC_MSGSEND = YES;
				ENABLE_TESTABILITY = YES;
				GCC_C_LANGUAGE_STANDARD = gnu11;
				GCC_DYNAMIC_NO_PIC = NO;
				GCC_NO_COMMON_BLOCKS = YES;
				GCC_OPTIMIZATION_LEVEL = 0;
				GCC_PREPROCESSOR_DEFINITIONS = (
					"DEBUG=1",
					"$(inherited)",
				);
				GCC_WARN_64_TO_32_BIT_CONVERSION = YES;
				GCC_WARN_ABOUT_RETURN_TYPE = YES_ERROR;
				GCC_WARN_UNDECLARED_SELECTOR = YES;
				GCC_WARN_UNINITIALIZED_AUTOS = YES_AGGRESSIVE;
				GCC_WARN_UNUSED_FUNCTION = YES;
				GCC_WARN_UNUSED_VARIABLE = YES;
				IPHONEOS_DEPLOYMENT_TARGET = 15.0;
				MTL_ENABLE_DEBUG_INFO = INCLUDE_SOURCE;
				MTL_FAST_MATH = YES;
				ONLY_ACTIVE_ARCH = YES;
				SDKROOT = iphoneos;
				SWIFT_ACTIVE_COMPILATION_CONDITIONS = DEBUG;
				SWIFT_OPTIMIZATION_LEVEL = "-Onone";
			};
			name = Debug;
		};
		FDF5EF48290677640048B589 /* Release */ = {
			isa = XCBuildConfiguration;
			buildSettings = {
				ALWAYS_SEARCH_USER_PATHS = NO;
				CLANG_ANALYZER_NONNULL = YES;
				CLANG_ANALYZER_NUMBER_OBJECT_CONVERSION = YES_AGGRESSIVE;
				CLANG_CXX_LANGUAGE_STANDARD = "gnu++20";
				CLANG_ENABLE_MODULES = YES;
				CLANG_ENABLE_OBJC_ARC = YES;
				CLANG_ENABLE_OBJC_WEAK = YES;
				CLANG_WARN_BLOCK_CAPTURE_AUTORELEASING = YES;
				CLANG_WARN_BOOL_CONVERSION = YES;
				CLANG_WARN_COMMA = YES;
				CLANG_WARN_CONSTANT_CONVERSION = YES;
				CLANG_WARN_DEPRECATED_OBJC_IMPLEMENTATIONS = YES;
				CLANG_WARN_DIRECT_OBJC_ISA_USAGE = YES_ERROR;
				CLANG_WARN_DOCUMENTATION_COMMENTS = YES;
				CLANG_WARN_EMPTY_BODY = YES;
				CLANG_WARN_ENUM_CONVERSION = YES;
				CLANG_WARN_INFINITE_RECURSION = YES;
				CLANG_WARN_INT_CONVERSION = YES;
				CLANG_WARN_NON_LITERAL_NULL_CONVERSION = YES;
				CLANG_WARN_OBJC_IMPLICIT_RETAIN_SELF = YES;
				CLANG_WARN_OBJC_LITERAL_CONVERSION = YES;
				CLANG_WARN_OBJC_ROOT_CLASS = YES_ERROR;
				CLANG_WARN_QUOTED_INCLUDE_IN_FRAMEWORK_HEADER = YES;
				CLANG_WARN_RANGE_LOOP_ANALYSIS = YES;
				CLANG_WARN_STRICT_PROTOTYPES = YES;
				CLANG_WARN_SUSPICIOUS_MOVE = YES;
				CLANG_WARN_UNGUARDED_AVAILABILITY = YES_AGGRESSIVE;
				CLANG_WARN_UNREACHABLE_CODE = YES;
				CLANG_WARN__DUPLICATE_METHOD_MATCH = YES;
				COPY_PHASE_STRIP = NO;
				DEBUG_INFORMATION_FORMAT = "dwarf-with-dsym";
				ENABLE_NS_ASSERTIONS = NO;
				ENABLE_STRICT_OBJC_MSGSEND = YES;
				GCC_C_LANGUAGE_STANDARD = gnu11;
				GCC_NO_COMMON_BLOCKS = YES;
				GCC_WARN_64_TO_32_BIT_CONVERSION = YES;
				GCC_WARN_ABOUT_RETURN_TYPE = YES_ERROR;
				GCC_WARN_UNDECLARED_SELECTOR = YES;
				GCC_WARN_UNINITIALIZED_AUTOS = YES_AGGRESSIVE;
				GCC_WARN_UNUSED_FUNCTION = YES;
				GCC_WARN_UNUSED_VARIABLE = YES;
				IPHONEOS_DEPLOYMENT_TARGET = 15.0;
				MTL_ENABLE_DEBUG_INFO = NO;
				MTL_FAST_MATH = YES;
				SDKROOT = iphoneos;
				SWIFT_COMPILATION_MODE = wholemodule;
				SWIFT_OPTIMIZATION_LEVEL = "-O";
				VALIDATE_PRODUCT = YES;
			};
			name = Release;
		};
		FDF5EF4A290677640048B589 /* Debug */ = {
			isa = XCBuildConfiguration;
			baseConfigurationReference = 50D7C51D15AB3BAD56254B67 /* Pods-ParkingInTaichungSwiftUI.debug.xcconfig */;
			buildSettings = {
				ASSETCATALOG_COMPILER_APPICON_NAME = AppIcon;
				ASSETCATALOG_COMPILER_GLOBAL_ACCENT_COLOR_NAME = AccentColor;
				CODE_SIGN_STYLE = Automatic;
				CURRENT_PROJECT_VERSION = 1;
				DEVELOPMENT_ASSET_PATHS = "\"ParkingInTaichungSwiftUI/Preview Content\"";
				DEVELOPMENT_TEAM = 48394HVWDA;
				ENABLE_PREVIEWS = YES;
				GENERATE_INFOPLIST_FILE = NO;
				INFOPLIST_FILE = /Users/ryanwork/MyProjects/ParkingInTaichungSwiftUI/ParkingInTaichungSwiftUI/Info.plist;
				INFOPLIST_KEY_NSLocationAlwaysAndWhenInUseUsageDescription = "需要定位權限來取得附近車位相關資訊，是否允許此App獲取您的定位？";
				INFOPLIST_KEY_NSLocationWhenInUseUsageDescription = "需要定位權限來取得附近車位相關資訊，是否允許此App獲取您的定位？";
				INFOPLIST_KEY_UIApplicationSceneManifest_Generation = YES;
				INFOPLIST_KEY_UIApplicationSupportsIndirectInputEvents = YES;
				INFOPLIST_KEY_UILaunchScreen_Generation = YES;
				INFOPLIST_KEY_UISupportedInterfaceOrientations_iPad = "UIInterfaceOrientationPortrait UIInterfaceOrientationPortraitUpsideDown UIInterfaceOrientationLandscapeLeft UIInterfaceOrientationLandscapeRight";
				INFOPLIST_KEY_UISupportedInterfaceOrientations_iPhone = "UIInterfaceOrientationPortrait UIInterfaceOrientationLandscapeLeft UIInterfaceOrientationLandscapeRight";
				IPHONEOS_DEPLOYMENT_TARGET = 15.0;
				LD_RUNPATH_SEARCH_PATHS = (
					"$(inherited)",
					"@executable_path/Frameworks",
				);
				MARKETING_VERSION = 1.0;
				PRODUCT_BUNDLE_IDENTIFIER = com.novachen.ParkingInTaichungSwiftUI;
				PRODUCT_NAME = "$(TARGET_NAME)";
				SWIFT_EMIT_LOC_STRINGS = YES;
				SWIFT_VERSION = 5.0;
				TARGETED_DEVICE_FAMILY = "1,2";
			};
			name = Debug;
		};
		FDF5EF4B290677640048B589 /* Release */ = {
			isa = XCBuildConfiguration;
			baseConfigurationReference = 8CB0316D1E8E5623DF328904 /* Pods-ParkingInTaichungSwiftUI.release.xcconfig */;
			buildSettings = {
				ASSETCATALOG_COMPILER_APPICON_NAME = AppIcon;
				ASSETCATALOG_COMPILER_GLOBAL_ACCENT_COLOR_NAME = AccentColor;
				CODE_SIGN_STYLE = Automatic;
				CURRENT_PROJECT_VERSION = 1;
				DEVELOPMENT_ASSET_PATHS = "\"ParkingInTaichungSwiftUI/Preview Content\"";
				DEVELOPMENT_TEAM = 48394HVWDA;
				ENABLE_PREVIEWS = YES;
				GENERATE_INFOPLIST_FILE = NO;
				INFOPLIST_FILE = /Users/ryanwork/MyProjects/ParkingInTaichungSwiftUI/ParkingInTaichungSwiftUI/Info.plist;
				INFOPLIST_KEY_NSLocationAlwaysAndWhenInUseUsageDescription = "需要定位權限來取得附近車位相關資訊，是否允許此App獲取您的定位？";
				INFOPLIST_KEY_NSLocationWhenInUseUsageDescription = "需要定位權限來取得附近車位相關資訊，是否允許此App獲取您的定位？";
				INFOPLIST_KEY_UIApplicationSceneManifest_Generation = YES;
				INFOPLIST_KEY_UIApplicationSupportsIndirectInputEvents = YES;
				INFOPLIST_KEY_UILaunchScreen_Generation = YES;
				INFOPLIST_KEY_UISupportedInterfaceOrientations_iPad = "UIInterfaceOrientationPortrait UIInterfaceOrientationPortraitUpsideDown UIInterfaceOrientationLandscapeLeft UIInterfaceOrientationLandscapeRight";
				INFOPLIST_KEY_UISupportedInterfaceOrientations_iPhone = "UIInterfaceOrientationPortrait UIInterfaceOrientationLandscapeLeft UIInterfaceOrientationLandscapeRight";
				IPHONEOS_DEPLOYMENT_TARGET = 15.0;
				LD_RUNPATH_SEARCH_PATHS = (
					"$(inherited)",
					"@executable_path/Frameworks",
				);
				MARKETING_VERSION = 1.0;
				PRODUCT_BUNDLE_IDENTIFIER = com.novachen.ParkingInTaichungSwiftUI;
				PRODUCT_NAME = "$(TARGET_NAME)";
				SWIFT_EMIT_LOC_STRINGS = YES;
				SWIFT_VERSION = 5.0;
				TARGETED_DEVICE_FAMILY = "1,2";
			};
			name = Release;
		};
/* End XCBuildConfiguration section */

/* Begin XCConfigurationList section */
		FDF5EF36290677630048B589 /* Build configuration list for PBXProject "ParkingInTaichungSwiftUI" */ = {
			isa = XCConfigurationList;
			buildConfigurations = (
				FDF5EF47290677640048B589 /* Debug */,
				FDF5EF48290677640048B589 /* Release */,
			);
			defaultConfigurationIsVisible = 0;
			defaultConfigurationName = Release;
		};
		FDF5EF49290677640048B589 /* Build configuration list for PBXNativeTarget "ParkingInTaichungSwiftUI" */ = {
			isa = XCConfigurationList;
			buildConfigurations = (
				FDF5EF4A290677640048B589 /* Debug */,
				FDF5EF4B290677640048B589 /* Release */,
			);
			defaultConfigurationIsVisible = 0;
			defaultConfigurationName = Release;
		};
/* End XCConfigurationList section */
	};
	rootObject = FDF5EF33290677630048B589 /* Project object */;
}
